
Microsoft Visual Studio Solution File, Format Version 12.00
# Visual Studio Version 16
VisualStudioVersion = 16.0.31729.503
MinimumVisualStudioVersion = 10.0.40219.1
Project("{FAE04EC0-301F-11D3-BF4B-00C04F79EFBC}") = "SplitButtonDemo", "SplitButtonDemo\SplitButtonDemo.csproj", "{F6F1F4BA-14BB-474F-B715-EAB12C6FD642}"
EndProject
Project("{2150E333-8FDC-42A3-9474-1A3956D46DE8}") = "Solution Items", "Solution Items", "{DAC71DF2-6902-4398-BDA9-36D2D36E8F06}"
	ProjectSection(SolutionItems) = preProject
		README.md = README.md
	EndProjectSection
EndProject
Global
	GlobalSection(SolutionConfigurationPlatforms) = preSolution
		Debug|Any CPU = Debug|Any CPU
		Release|Any CPU = Release|Any CPU
	EndGlobalSection
	GlobalSection(ProjectConfigurationPlatforms) = postSolution
		{F6F1F4BA-14BB-474F-B715-EAB12C6FD642}.Debug|Any CPU.ActiveCfg = Debug|Any CPU
		{F6F1F4BA-14BB-474F-B715-EAB12C6FD642}.Debug|Any CPU.Build.0 = Debug|Any CPU
		{F6F1F4BA-14BB-474F-B715-EAB12C6FD642}.Release|Any CPU.ActiveCfg = Release|Any CPU
		{F6F1F4BA-14BB-474F-B715-EAB12C6FD642}.Release|Any CPU.Build.0 = Release|Any CPU
	EndGlobalSection
	GlobalSection(SolutionProperties) = preSolution
		HideSolutionNode = FALSE
	EndGlobalSection
	GlobalSection(ExtensibilityGlobals) = postSolution
		SolutionGuid = {28FCD01F-0586-4F5A-962C-3DA37C1DDD3B}
	EndGlobalSection
EndGlobal
